
Microsoft Visual Studio Solution File, Format Version 12.00
# Visual Studio Version 17
VisualStudioVersion = 17.5.002.0
MinimumVisualStudioVersion = 10.0.40219.1
Project("{9A19103F-16F7-4668-BE54-9A1E7A4F7556}") = "kendoku", "kendoku.csproj", "{436E048E-FEC9-47AB-B2D6-8A3E2C0AFF23}"
EndProject
Global
	GlobalSection(SolutionConfigurationPlatforms) = preSolution
		Debug|Any CPU = Debug|Any CPU
		Release|Any CPU = Release|Any CPU
	EndGlobalSection
	GlobalSection(ProjectConfigurationPlatforms) = postSolution
		{436E048E-FEC9-47AB-B2D6-8A3E2C0AFF23}.Debug|Any CPU.ActiveCfg = Debug|Any CPU
		{436E048E-FEC9-47AB-B2D6-8A3E2C0AFF23}.Debug|Any CPU.Build.0 = Debug|Any CPU
		{436E048E-FEC9-47AB-B2D6-8A3E2C0AFF23}.Release|Any CPU.ActiveCfg = Release|Any CPU
		{436E048E-FEC9-47AB-B2D6-8A3E2C0AFF23}.Release|Any CPU.Build.0 = Release|Any CPU
	EndGlobalSection
	GlobalSection(SolutionProperties) = preSolution
		HideSolutionNode = FALSE
	EndGlobalSection
	GlobalSection(ExtensibilityGlobals) = postSolution
		SolutionGuid = {FED0AFC7-A9D8-4E61-92D3-06E62A54A319}
	EndGlobalSection
EndGlobal
